
Microsoft Visual Studio Solution File, Format Version 12.00
# Visual Studio 15
VisualStudioVersion = 15.0.26730.16
MinimumVisualStudioVersion = 10.0.40219.1
Project("{8BC9CEB8-8B4A-11D0-8D11-00A0C91BC942}") = "nSkinz", "nSkinz.vcxproj", "{D93A638A-0449-48D2-90EB-77571D2C8304}"
EndProject
Global
	GlobalSection(SolutionConfigurationPlatforms) = preSolution
		Debug|x86 = Debug|x86
		Release|x86 = Release|x86
	EndGlobalSection
	GlobalSection(ProjectConfigurationPlatforms) = postSolution
		{D93A638A-0449-48D2-90EB-77571D2C8304}.Debug|x86.ActiveCfg = Debug|Win32
		{D93A638A-0449-48D2-90EB-77571D2C8304}.Debug|x86.Build.0 = Debug|Win32
		{D93A638A-0449-48D2-90EB-77571D2C8304}.Release|x86.ActiveCfg = Release|Win32
		{D93A638A-0449-48D2-90EB-77571D2C8304}.Release|x86.Build.0 = Release|Win32
	EndGlobalSection
	GlobalSection(SolutionProperties) = preSolution
		HideSolutionNode = FALSE
	EndGlobalSection
	GlobalSection(ExtensibilityGlobals) = postSolution
		SolutionGuid = {20E550A6-6362-47AB-94C3-670B977ACD50}
	EndGlobalSection
EndGlobal
